
Microsoft Visual Studio Solution File, Format Version 12.00
# Visual Studio 14
VisualStudioVersion = 14.0.25420.1
MinimumVisualStudioVersion = 10.0.40219.1
Project("{FAE04EC0-301F-11D3-BF4B-00C04F79EFBC}") = "AdventOfCodeDay1", "AdventOfCode\AdventOfCodeDay1.csproj", "{26E80E92-E191-4E7A-8EAE-AC254235BD5E}"
EndProject
Project("{FAE04EC0-301F-11D3-BF4B-00C04F79EFBC}") = "AOCDay1UnitTest", "AOCDay1UnitTest\AOCDay1UnitTest.csproj", "{04ED2356-DE0E-4FEB-82D7-EF4EA8424DCC}"
EndProject
Project("{FAE04EC0-301F-11D3-BF4B-00C04F79EFBC}") = "AdventOfCodeDay2", "AdventOfCodeDay2\AdventOfCodeDay2.csproj", "{D2DEC6D1-3C72-40C1-B038-33F7E23E7E67}"
EndProject
Project("{FAE04EC0-301F-11D3-BF4B-00C04F79EFBC}") = "AOCDay2UnitText", "AOCDay2UnitText\AOCDay2UnitText.csproj", "{F91E9469-9C12-4157-97D6-04F7B52788FD}"
EndProject
Project("{FAE04EC0-301F-11D3-BF4B-00C04F79EFBC}") = "AdventOfCodeDay3", "AdventOfCodeDay3\AdventOfCodeDay3.csproj", "{60C7FEC5-6E62-4303-9D5E-C839F4714A5E}"
EndProject
Project("{FAE04EC0-301F-11D3-BF4B-00C04F79EFBC}") = "AdventOfCodeDay4", "AdventOfCodeDay4\AdventOfCodeDay4.csproj", "{AD54996E-59A5-45CE-B2C8-B54EA4FF4596}"
EndProject
Project("{FAE04EC0-301F-11D3-BF4B-00C04F79EFBC}") = "AOCDay4UnitTest", "AOCDay4UnitTest\AOCDay4UnitTest.csproj", "{AA2D728D-2EA1-4F17-8161-161188C1DB1B}"
EndProject
Global
	GlobalSection(SolutionConfigurationPlatforms) = preSolution
		Debug|Any CPU = Debug|Any CPU
		Release|Any CPU = Release|Any CPU
	EndGlobalSection
	GlobalSection(ProjectConfigurationPlatforms) = postSolution
		{26E80E92-E191-4E7A-8EAE-AC254235BD5E}.Debug|Any CPU.ActiveCfg = Debug|Any CPU
		{26E80E92-E191-4E7A-8EAE-AC254235BD5E}.Debug|Any CPU.Build.0 = Debug|Any CPU
		{26E80E92-E191-4E7A-8EAE-AC254235BD5E}.Release|Any CPU.ActiveCfg = Release|Any CPU
		{26E80E92-E191-4E7A-8EAE-AC254235BD5E}.Release|Any CPU.Build.0 = Release|Any CPU
		{04ED2356-DE0E-4FEB-82D7-EF4EA8424DCC}.Debug|Any CPU.ActiveCfg = Debug|Any CPU
		{04ED2356-DE0E-4FEB-82D7-EF4EA8424DCC}.Debug|Any CPU.Build.0 = Debug|Any CPU
		{04ED2356-DE0E-4FEB-82D7-EF4EA8424DCC}.Release|Any CPU.ActiveCfg = Release|Any CPU
		{04ED2356-DE0E-4FEB-82D7-EF4EA8424DCC}.Release|Any CPU.Build.0 = Release|Any CPU
		{D2DEC6D1-3C72-40C1-B038-33F7E23E7E67}.Debug|Any CPU.ActiveCfg = Debug|Any CPU
		{D2DEC6D1-3C72-40C1-B038-33F7E23E7E67}.Debug|Any CPU.Build.0 = Debug|Any CPU
		{D2DEC6D1-3C72-40C1-B038-33F7E23E7E67}.Release|Any CPU.ActiveCfg = Release|Any CPU
		{D2DEC6D1-3C72-40C1-B038-33F7E23E7E67}.Release|Any CPU.Build.0 = Release|Any CPU
		{F91E9469-9C12-4157-97D6-04F7B52788FD}.Debug|Any CPU.ActiveCfg = Debug|Any CPU
		{F91E9469-9C12-4157-97D6-04F7B52788FD}.Debug|Any CPU.Build.0 = Debug|Any CPU
		{F91E9469-9C12-4157-97D6-04F7B52788FD}.Release|Any CPU.ActiveCfg = Release|Any CPU
		{F91E9469-9C12-4157-97D6-04F7B52788FD}.Release|Any CPU.Build.0 = Release|Any CPU
		{60C7FEC5-6E62-4303-9D5E-C839F4714A5E}.Debug|Any CPU.ActiveCfg = Debug|Any CPU
		{60C7FEC5-6E62-4303-9D5E-C839F4714A5E}.Debug|Any CPU.Build.0 = Debug|Any CPU
		{60C7FEC5-6E62-4303-9D5E-C839F4714A5E}.Release|Any CPU.ActiveCfg = Release|Any CPU
		{60C7FEC5-6E62-4303-9D5E-C839F4714A5E}.Release|Any CPU.Build.0 = Release|Any CPU
		{AD54996E-59A5-45CE-B2C8-B54EA4FF4596}.Debug|Any CPU.ActiveCfg = Debug|Any CPU
		{AD54996E-59A5-45CE-B2C8-B54EA4FF4596}.Debug|Any CPU.Build.0 = Debug|Any CPU
		{AD54996E-59A5-45CE-B2C8-B54EA4FF4596}.Release|Any CPU.ActiveCfg = Release|Any CPU
		{AD54996E-59A5-45CE-B2C8-B54EA4FF4596}.Release|Any CPU.Build.0 = Release|Any CPU
		{AA2D728D-2EA1-4F17-8161-161188C1DB1B}.Debug|Any CPU.ActiveCfg = Debug|Any CPU
		{AA2D728D-2EA1-4F17-8161-161188C1DB1B}.Debug|Any CPU.Build.0 = Debug|Any CPU
		{AA2D728D-2EA1-4F17-8161-161188C1DB1B}.Release|Any CPU.ActiveCfg = Release|Any CPU
		{AA2D728D-2EA1-4F17-8161-161188C1DB1B}.Release|Any CPU.Build.0 = Release|Any CPU
	EndGlobalSection
	GlobalSection(SolutionProperties) = preSolution
		HideSolutionNode = FALSE
	EndGlobalSection
EndGlobal
